
Microsoft Visual Studio Solution File, Format Version 12.00
# Visual Studio 2013
VisualStudioVersion = 12.0.31101.0
MinimumVisualStudioVersion = 10.0.40219.1
Project("{2150E333-8FDC-42A3-9474-1A3956D46DE8}") = "Coligo.Platform", "Coligo.Platform", "{23DFA172-D58F-46B0-93CD-3298331E3181}"
EndProject
Project("{2150E333-8FDC-42A3-9474-1A3956D46DE8}") = "Samples", "Samples", "{60236DE2-D2B6-422C-AE31-032D50F2B6A6}"
EndProject
Project("{FAE04EC0-301F-11D3-BF4B-00C04F79EFBC}") = "ConsoleApplication1", "Samples\ConsoleApplication1\ConsoleApplication1.csproj", "{1DA87B4B-C781-4316-A928-1EE372E1FC38}"
EndProject
Project("{FAE04EC0-301F-11D3-BF4B-00C04F79EFBC}") = "HubApp", "Samples\HubApp\HubApp.csproj", "{4221C12A-71EE-46CF-A7CF-42C50EA327C8}"
EndProject
Project("{FAE04EC0-301F-11D3-BF4B-00C04F79EFBC}") = "WindowsFormsApplication1", "Samples\WindowsFormsApplication1\WindowsFormsApplication1.csproj", "{8DB3116C-F277-4A68-9CCA-16B549CEDF7B}"
EndProject
Project("{FAE04EC0-301F-11D3-BF4B-00C04F79EFBC}") = "WpfTabsSample", "Samples\WpfTabsSample\WpfTabsSample.csproj", "{4466CF4B-C11A-4D9E-B900-63A20268E98D}"
EndProject
Project("{FAE04EC0-301F-11D3-BF4B-00C04F79EFBC}") = "Coligo.Core", "Src\Coligo.Core\Coligo.Core.csproj", "{E12E001C-CA12-42A3-883C-E1F7E6413DE2}"
EndProject
Project("{FAE04EC0-301F-11D3-BF4B-00C04F79EFBC}") = "Coligo.Platform.WP81", "Src\Coligo.Platform\Coligo.Platform.WP81.csproj", "{E6013467-5653-48ED-9650-CD7C803597B9}"
EndProject
Project("{FAE04EC0-301F-11D3-BF4B-00C04F79EFBC}") = "Coligo.Platform.WPF", "Src\Coligo.Platform\Coligo.Platform.WPF.csproj", "{0AC5F2A2-CF8B-4304-BD7C-EC1C4FA8FA32}"
EndProject
Project("{2150E333-8FDC-42A3-9474-1A3956D46DE8}") = "Src", "Src", "{4A6D250F-BBFB-4F13-AD08-702C33F201B8}"
EndProject
Global
	GlobalSection(SolutionConfigurationPlatforms) = preSolution
		Debug|Any CPU = Debug|Any CPU
		Debug|ARM = Debug|ARM
		Debug|x64 = Debug|x64
		Debug|x86 = Debug|x86
		Release|Any CPU = Release|Any CPU
		Release|ARM = Release|ARM
		Release|x64 = Release|x64
		Release|x86 = Release|x86
	EndGlobalSection
	GlobalSection(ProjectConfigurationPlatforms) = postSolution
		{1DA87B4B-C781-4316-A928-1EE372E1FC38}.Debug|Any CPU.ActiveCfg = Debug|Any CPU
		{1DA87B4B-C781-4316-A928-1EE372E1FC38}.Debug|Any CPU.Build.0 = Debug|Any CPU
		{1DA87B4B-C781-4316-A928-1EE372E1FC38}.Debug|ARM.ActiveCfg = Debug|Any CPU
		{1DA87B4B-C781-4316-A928-1EE372E1FC38}.Debug|x64.ActiveCfg = Debug|Any CPU
		{1DA87B4B-C781-4316-A928-1EE372E1FC38}.Debug|x86.ActiveCfg = Debug|Any CPU
		{1DA87B4B-C781-4316-A928-1EE372E1FC38}.Release|Any CPU.ActiveCfg = Release|Any CPU
		{1DA87B4B-C781-4316-A928-1EE372E1FC38}.Release|Any CPU.Build.0 = Release|Any CPU
		{1DA87B4B-C781-4316-A928-1EE372E1FC38}.Release|ARM.ActiveCfg = Release|Any CPU
		{1DA87B4B-C781-4316-A928-1EE372E1FC38}.Release|x64.ActiveCfg = Release|Any CPU
		{1DA87B4B-C781-4316-A928-1EE372E1FC38}.Release|x86.ActiveCfg = Release|Any CPU
		{4221C12A-71EE-46CF-A7CF-42C50EA327C8}.Debug|Any CPU.ActiveCfg = Debug|Any CPU
		{4221C12A-71EE-46CF-A7CF-42C50EA327C8}.Debug|Any CPU.Build.0 = Debug|Any CPU
		{4221C12A-71EE-46CF-A7CF-42C50EA327C8}.Debug|Any CPU.Deploy.0 = Debug|Any CPU
		{4221C12A-71EE-46CF-A7CF-42C50EA327C8}.Debug|ARM.ActiveCfg = Debug|ARM
		{4221C12A-71EE-46CF-A7CF-42C50EA327C8}.Debug|ARM.Build.0 = Debug|ARM
		{4221C12A-71EE-46CF-A7CF-42C50EA327C8}.Debug|ARM.Deploy.0 = Debug|ARM
		{4221C12A-71EE-46CF-A7CF-42C50EA327C8}.Debug|x64.ActiveCfg = Debug|Any CPU
		{4221C12A-71EE-46CF-A7CF-42C50EA327C8}.Debug|x86.ActiveCfg = Debug|x86
		{4221C12A-71EE-46CF-A7CF-42C50EA327C8}.Debug|x86.Build.0 = Debug|x86
		{4221C12A-71EE-46CF-A7CF-42C50EA327C8}.Debug|x86.Deploy.0 = Debug|x86
		{4221C12A-71EE-46CF-A7CF-42C50EA327C8}.Release|Any CPU.ActiveCfg = Release|Any CPU
		{4221C12A-71EE-46CF-A7CF-42C50EA327C8}.Release|Any CPU.Build.0 = Release|Any CPU
		{4221C12A-71EE-46CF-A7CF-42C50EA327C8}.Release|Any CPU.Deploy.0 = Release|Any CPU
		{4221C12A-71EE-46CF-A7CF-42C50EA327C8}.Release|ARM.ActiveCfg = Release|ARM
		{4221C12A-71EE-46CF-A7CF-42C50EA327C8}.Release|ARM.Build.0 = Release|ARM
		{4221C12A-71EE-46CF-A7CF-42C50EA327C8}.Release|ARM.Deploy.0 = Release|ARM
		{4221C12A-71EE-46CF-A7CF-42C50EA327C8}.Release|x64.ActiveCfg = Release|Any CPU
		{4221C12A-71EE-46CF-A7CF-42C50EA327C8}.Release|x86.ActiveCfg = Release|x86
		{4221C12A-71EE-46CF-A7CF-42C50EA327C8}.Release|x86.Build.0 = Release|x86
		{4221C12A-71EE-46CF-A7CF-42C50EA327C8}.Release|x86.Deploy.0 = Release|x86
		{8DB3116C-F277-4A68-9CCA-16B549CEDF7B}.Debug|Any CPU.ActiveCfg = Debug|Any CPU
		{8DB3116C-F277-4A68-9CCA-16B549CEDF7B}.Debug|Any CPU.Build.0 = Debug|Any CPU
		{8DB3116C-F277-4A68-9CCA-16B549CEDF7B}.Debug|ARM.ActiveCfg = Debug|Any CPU
		{8DB3116C-F277-4A68-9CCA-16B549CEDF7B}.Debug|x64.ActiveCfg = Debug|Any CPU
		{8DB3116C-F277-4A68-9CCA-16B549CEDF7B}.Debug|x86.ActiveCfg = Debug|Any CPU
		{8DB3116C-F277-4A68-9CCA-16B549CEDF7B}.Release|Any CPU.ActiveCfg = Release|Any CPU
		{8DB3116C-F277-4A68-9CCA-16B549CEDF7B}.Release|Any CPU.Build.0 = Release|Any CPU
		{8DB3116C-F277-4A68-9CCA-16B549CEDF7B}.Release|ARM.ActiveCfg = Release|Any CPU
		{8DB3116C-F277-4A68-9CCA-16B549CEDF7B}.Release|x64.ActiveCfg = Release|Any CPU
		{8DB3116C-F277-4A68-9CCA-16B549CEDF7B}.Release|x86.ActiveCfg = Release|Any CPU
		{4466CF4B-C11A-4D9E-B900-63A20268E98D}.Debug|Any CPU.ActiveCfg = Debug|Any CPU
		{4466CF4B-C11A-4D9E-B900-63A20268E98D}.Debug|Any CPU.Build.0 = Debug|Any CPU
		{4466CF4B-C11A-4D9E-B900-63A20268E98D}.Debug|ARM.ActiveCfg = Debug|Any CPU
		{4466CF4B-C11A-4D9E-B900-63A20268E98D}.Debug|x64.ActiveCfg = Debug|Any CPU
		{4466CF4B-C11A-4D9E-B900-63A20268E98D}.Debug|x86.ActiveCfg = Debug|Any CPU
		{4466CF4B-C11A-4D9E-B900-63A20268E98D}.Release|Any CPU.ActiveCfg = Release|Any CPU
		{4466CF4B-C11A-4D9E-B900-63A20268E98D}.Release|Any CPU.Build.0 = Release|Any CPU
		{4466CF4B-C11A-4D9E-B900-63A20268E98D}.Release|ARM.ActiveCfg = Release|Any CPU
		{4466CF4B-C11A-4D9E-B900-63A20268E98D}.Release|x64.ActiveCfg = Release|Any CPU
		{4466CF4B-C11A-4D9E-B900-63A20268E98D}.Release|x86.ActiveCfg = Release|Any CPU
		{E12E001C-CA12-42A3-883C-E1F7E6413DE2}.Debug|Any CPU.ActiveCfg = Debug|Any CPU
		{E12E001C-CA12-42A3-883C-E1F7E6413DE2}.Debug|Any CPU.Build.0 = Debug|Any CPU
		{E12E001C-CA12-42A3-883C-E1F7E6413DE2}.Debug|ARM.ActiveCfg = Debug|Any CPU
		{E12E001C-CA12-42A3-883C-E1F7E6413DE2}.Debug|x64.ActiveCfg = Debug|x64
		{E12E001C-CA12-42A3-883C-E1F7E6413DE2}.Debug|x64.Build.0 = Debug|x64
		{E12E001C-CA12-42A3-883C-E1F7E6413DE2}.Debug|x86.ActiveCfg = Debug|Any CPU
		{E12E001C-CA12-42A3-883C-E1F7E6413DE2}.Release|Any CPU.ActiveCfg = Release|Any CPU
		{E12E001C-CA12-42A3-883C-E1F7E6413DE2}.Release|Any CPU.Build.0 = Release|Any CPU
		{E12E001C-CA12-42A3-883C-E1F7E6413DE2}.Release|ARM.ActiveCfg = Release|Any CPU
		{E12E001C-CA12-42A3-883C-E1F7E6413DE2}.Release|x64.ActiveCfg = Release|x64
		{E12E001C-CA12-42A3-883C-E1F7E6413DE2}.Release|x64.Build.0 = Release|x64
		{E12E001C-CA12-42A3-883C-E1F7E6413DE2}.Release|x86.ActiveCfg = Release|Any CPU
		{E6013467-5653-48ED-9650-CD7C803597B9}.Debug|Any CPU.ActiveCfg = Debug|Any CPU
		{E6013467-5653-48ED-9650-CD7C803597B9}.Debug|Any CPU.Build.0 = Debug|Any CPU
		{E6013467-5653-48ED-9650-CD7C803597B9}.Debug|ARM.ActiveCfg = Debug|ARM
		{E6013467-5653-48ED-9650-CD7C803597B9}.Debug|ARM.Build.0 = Debug|ARM
		{E6013467-5653-48ED-9650-CD7C803597B9}.Debug|x64.ActiveCfg = Debug|Any CPU
		{E6013467-5653-48ED-9650-CD7C803597B9}.Debug|x86.ActiveCfg = Debug|x86
		{E6013467-5653-48ED-9650-CD7C803597B9}.Debug|x86.Build.0 = Debug|x86
		{E6013467-5653-48ED-9650-CD7C803597B9}.Release|Any CPU.ActiveCfg = Release|Any CPU
		{E6013467-5653-48ED-9650-CD7C803597B9}.Release|Any CPU.Build.0 = Release|Any CPU
		{E6013467-5653-48ED-9650-CD7C803597B9}.Release|ARM.ActiveCfg = Release|ARM
		{E6013467-5653-48ED-9650-CD7C803597B9}.Release|ARM.Build.0 = Release|ARM
		{E6013467-5653-48ED-9650-CD7C803597B9}.Release|x64.ActiveCfg = Release|Any CPU
		{E6013467-5653-48ED-9650-CD7C803597B9}.Release|x86.ActiveCfg = Release|x86
		{E6013467-5653-48ED-9650-CD7C803597B9}.Release|x86.Build.0 = Release|x86
		{0AC5F2A2-CF8B-4304-BD7C-EC1C4FA8FA32}.Debug|Any CPU.ActiveCfg = Debug|Any CPU
		{0AC5F2A2-CF8B-4304-BD7C-EC1C4FA8FA32}.Debug|Any CPU.Build.0 = Debug|Any CPU
		{0AC5F2A2-CF8B-4304-BD7C-EC1C4FA8FA32}.Debug|ARM.ActiveCfg = Debug|Any CPU
		{0AC5F2A2-CF8B-4304-BD7C-EC1C4FA8FA32}.Debug|x64.ActiveCfg = Debug|Any CPU
		{0AC5F2A2-CF8B-4304-BD7C-EC1C4FA8FA32}.Debug|x86.ActiveCfg = Debug|Any CPU
		{0AC5F2A2-CF8B-4304-BD7C-EC1C4FA8FA32}.Release|Any CPU.ActiveCfg = Release|Any CPU
		{0AC5F2A2-CF8B-4304-BD7C-EC1C4FA8FA32}.Release|Any CPU.Build.0 = Release|Any CPU
		{0AC5F2A2-CF8B-4304-BD7C-EC1C4FA8FA32}.Release|ARM.ActiveCfg = Release|Any CPU
		{0AC5F2A2-CF8B-4304-BD7C-EC1C4FA8FA32}.Release|x64.ActiveCfg = Release|Any CPU
		{0AC5F2A2-CF8B-4304-BD7C-EC1C4FA8FA32}.Release|x86.ActiveCfg = Release|Any CPU
	EndGlobalSection
	GlobalSection(SolutionProperties) = preSolution
		HideSolutionNode = FALSE
	EndGlobalSection
	GlobalSection(NestedProjects) = preSolution
		{23DFA172-D58F-46B0-93CD-3298331E3181} = {4A6D250F-BBFB-4F13-AD08-702C33F201B8}
		{1DA87B4B-C781-4316-A928-1EE372E1FC38} = {60236DE2-D2B6-422C-AE31-032D50F2B6A6}
		{4221C12A-71EE-46CF-A7CF-42C50EA327C8} = {60236DE2-D2B6-422C-AE31-032D50F2B6A6}
		{8DB3116C-F277-4A68-9CCA-16B549CEDF7B} = {60236DE2-D2B6-422C-AE31-032D50F2B6A6}
		{4466CF4B-C11A-4D9E-B900-63A20268E98D} = {60236DE2-D2B6-422C-AE31-032D50F2B6A6}
		{E12E001C-CA12-42A3-883C-E1F7E6413DE2} = {4A6D250F-BBFB-4F13-AD08-702C33F201B8}
		{E6013467-5653-48ED-9650-CD7C803597B9} = {23DFA172-D58F-46B0-93CD-3298331E3181}
		{0AC5F2A2-CF8B-4304-BD7C-EC1C4FA8FA32} = {23DFA172-D58F-46B0-93CD-3298331E3181}
	EndGlobalSection
EndGlobal
